// !$*UTF8*$!
{
	archiveVersion = 1;
	classes = {
	};
	objectVersion = 56;
	objects = {

/* Begin PBXBuildFile section */
		5A7CC5112A700A2D00C387FF /* MatchedGeoEffectApp.swift in Sources */ = {isa = PBXBuildFile; fileRef = 5A7CC5102A700A2D00C387FF /* MatchedGeoEffectApp.swift */; };
		5A7CC5132A700A2D00C387FF /* ContentView.swift in Sources */ = {isa = PBXBuildFile; fileRef = 5A7CC5122A700A2D00C387FF /* ContentView.swift */; };
		5A7CC5152A700A2D00C387FF /* Assets.xcassets in Resources */ = {isa = PBXBuildFile; fileRef = 5A7CC5142A700A2D00C387FF /* Assets.xcassets */; };
		5A7CC5182A700A2D00C387FF /* Preview Assets.xcassets in Resources */ = {isa = PBXBuildFile; fileRef = 5A7CC5172A700A2D00C387FF /* Preview Assets.xcassets */; };
		5A7CC5222A700A2D00C387FF /* MatchedGeoEffectTests.swift in Sources */ = {isa = PBXBuildFile; fileRef = 5A7CC5212A700A2D00C387FF /* MatchedGeoEffectTests.swift */; };
		5A7CC52C2A700A2D00C387FF /* MatchedGeoEffectUITests.swift in Sources */ = {isa = PBXBuildFile; fileRef = 5A7CC52B2A700A2D00C387FF /* MatchedGeoEffectUITests.swift */; };
		5A7CC52E2A700A2D00C387FF /* MatchedGeoEffectUITestsLaunchTests.swift in Sources */ = {isa = PBXBuildFile; fileRef = 5A7CC52D2A700A2D00C387FF /* MatchedGeoEffectUITestsLaunchTests.swift */; };
/* End PBXBuildFile section */

/* Begin PBXContainerItemProxy section */
		5A7CC51E2A700A2D00C387FF /* PBXContainerItemProxy */ = {
			isa = PBXContainerItemProxy;
			containerPortal = 5A7CC5052A700A2D00C387FF /* Project object */;
			proxyType = 1;
			remoteGlobalIDString = 5A7CC50C2A700A2D00C387FF;
			remoteInfo = MatchedGeoEffect;
		};
		5A7CC5282A700A2D00C387FF /* PBXContainerItemProxy */ = {
			isa = PBXContainerItemProxy;
			containerPortal = 5A7CC5052A700A2D00C387FF /* Project object */;
			proxyType = 1;
			remoteGlobalIDString = 5A7CC50C2A700A2D00C387FF;
			remoteInfo = MatchedGeoEffect;
		};
/* End PBXContainerItemProxy section */

/* Begin PBXFileReference section */
		5A7CC50D2A700A2D00C387FF /* MatchedGeoEffect.app */ = {isa = PBXFileReference; explicitFileType = wrapper.application; includeInIndex = 0; path = MatchedGeoEffect.app; sourceTree = BUILT_PRODUCTS_DIR; };
		5A7CC5102A700A2D00C387FF /* MatchedGeoEffectApp.swift */ = {isa = PBXFileReference; lastKnownFileType = sourcecode.swift; path = MatchedGeoEffectApp.swift; sourceTree = "<group>"; };
		5A7CC5122A700A2D00C387FF /* ContentView.swift */ = {isa = PBXFileReference; lastKnownFileType = sourcecode.swift; path = ContentView.swift; sourceTree = "<group>"; };
		5A7CC5142A700A2D00C387FF /* Assets.xcassets */ = {isa = PBXFileReference; lastKnownFileType = folder.assetcatalog; path = Assets.xcassets; sourceTree = "<group>"; };
		5A7CC5172A700A2D00C387FF /* Preview Assets.xcassets */ = {isa = PBXFileReference; lastKnownFileType = folder.assetcatalog; path = "Preview Assets.xcassets"; sourceTree = "<group>"; };
		5A7CC51D2A700A2D00C387FF /* MatchedGeoEffectTests.xctest */ = {isa = PBXFileReference; explicitFileType = wrapper.cfbundle; includeInIndex = 0; path = MatchedGeoEffectTests.xctest; sourceTree = BUILT_PRODUCTS_DIR; };
		5A7CC5212A700A2D00C387FF /* MatchedGeoEffectTests.swift */ = {isa = PBXFileReference; lastKnownFileType = sourcecode.swift; path = MatchedGeoEffectTests.swift; sourceTree = "<group>"; };
		5A7CC5272A700A2D00C387FF /* MatchedGeoEffectUITests.xctest */ = {isa = PBXFileReference; explicitFileType = wrapper.cfbundle; includeInIndex = 0; path = MatchedGeoEffectUITests.xctest; sourceTree = BUILT_PRODUCTS_DIR; };
		5A7CC52B2A700A2D00C387FF /* MatchedGeoEffectUITests.swift */ = {isa = PBXFileReference; lastKnownFileType = sourcecode.swift; path = MatchedGeoEffectUITests.swift; sourceTree = "<group>"; };
		5A7CC52D2A700A2D00C387FF /* MatchedGeoEffectUITestsLaunchTests.swift */ = {isa = PBXFileReference; lastKnownFileType = sourcecode.swift; path = MatchedGeoEffectUITestsLaunchTests.swift; sourceTree = "<group>"; };
/* End PBXFileReference section */

/* Begin PBXFrameworksBuildPhase section */
		5A7CC50A2A700A2D00C387FF /* Frameworks */ = {
			isa = PBXFrameworksBuildPhase;
			buildActionMask = 2147483647;
			files = (
			);
			runOnlyForDeploymentPostprocessing = 0;
		};
		5A7CC51A2A700A2D00C387FF /* Frameworks */ = {
			isa = PBXFrameworksBuildPhase;
			buildActionMask = 2147483647;
			files = (
			);
			runOnlyForDeploymentPostprocessing = 0;
		};
		5A7CC5242A700A2D00C387FF /* Frameworks */ = {
			isa = PBXFrameworksBuildPhase;
			buildActionMask = 2147483647;
			files = (
			);
			runOnlyForDeploymentPostprocessing = 0;
		};
/* End PBXFrameworksBuildPhase section */

/* Begin PBXGroup section */
		5A7CC5042A700A2D00C387FF = {
			isa = PBXGroup;
			children = (
				5A7CC50F2A700A2D00C387FF /* MatchedGeoEffect */,
				5A7CC5202A700A2D00C387FF /* MatchedGeoEffectTests */,
				5A7CC52A2A700A2D00C387FF /* MatchedGeoEffectUITests */,
				5A7CC50E2A700A2D00C387FF /* Products */,
			);
			sourceTree = "<group>";
		};
		5A7CC50E2A700A2D00C387FF /* Products */ = {
			isa = PBXGroup;
			children = (
				5A7CC50D2A700A2D00C387FF /* MatchedGeoEffect.app */,
				5A7CC51D2A700A2D00C387FF /* MatchedGeoEffectTests.xctest */,
				5A7CC5272A700A2D00C387FF /* MatchedGeoEffectUITests.xctest */,
			);
			name = Products;
			sourceTree = "<group>";
		};
		5A7CC50F2A700A2D00C387FF /* MatchedGeoEffect */ = {
			isa = PBXGroup;
			children = (
				5A7CC5102A700A2D00C387FF /* MatchedGeoEffectApp.swift */,
				5A7CC5122A700A2D00C387FF /* ContentView.swift */,
				5A7CC5142A700A2D00C387FF /* Assets.xcassets */,
				5A7CC5162A700A2D00C387FF /* Preview Content */,
			);
			path = MatchedGeoEffect;
			sourceTree = "<group>";
		};
		5A7CC5162A700A2D00C387FF /* Preview Content */ = {
			isa = PBXGroup;
			children = (
				5A7CC5172A700A2D00C387FF /* Preview Assets.xcassets */,
			);
			path = "Preview Content";
			sourceTree = "<group>";
		};
		5A7CC5202A700A2D00C387FF /* MatchedGeoEffectTests */ = {
			isa = PBXGroup;
			children = (
				5A7CC5212A700A2D00C387FF /* MatchedGeoEffectTests.swift */,
			);
			path = MatchedGeoEffectTests;
			sourceTree = "<group>";
		};
		5A7CC52A2A700A2D00C387FF /* MatchedGeoEffectUITests */ = {
			isa = PBXGroup;
			children = (
				5A7CC52B2A700A2D00C387FF /* MatchedGeoEffectUITests.swift */,
				5A7CC52D2A700A2D00C387FF /* MatchedGeoEffectUITestsLaunchTests.swift */,
			);
			path = MatchedGeoEffectUITests;
			sourceTree = "<group>";
		};
/* End PBXGroup section */

/* Begin PBXNativeTarget section */
		5A7CC50C2A700A2D00C387FF /* MatchedGeoEffect */ = {
			isa = PBXNativeTarget;
			buildConfigurationList = 5A7CC5312A700A2D00C387FF /* Build configuration list for PBXNativeTarget "MatchedGeoEffect" */;
			buildPhases = (
				5A7CC5092A700A2D00C387FF /* Sources */,
				5A7CC50A2A700A2D00C387FF /* Frameworks */,
				5A7CC50B2A700A2D00C387FF /* Resources */,
			);
			buildRules = (
			);
			dependencies = (
			);
			name = MatchedGeoEffect;
			productName = MatchedGeoEffect;
			productReference = 5A7CC50D2A700A2D00C387FF /* MatchedGeoEffect.app */;
			productType = "com.apple.product-type.application";
		};
		5A7CC51C2A700A2D00C387FF /* MatchedGeoEffectTests */ = {
			isa = PBXNativeTarget;
			buildConfigurationList = 5A7CC5342A700A2D00C387FF /* Build configuration list for PBXNativeTarget "MatchedGeoEffectTests" */;
			buildPhases = (
				5A7CC5192A700A2D00C387FF /* Sources */,
				5A7CC51A2A700A2D00C387FF /* Frameworks */,
				5A7CC51B2A700A2D00C387FF /* Resources */,
			);
			buildRules = (
			);
			dependencies = (
				5A7CC51F2A700A2D00C387FF /* PBXTargetDependency */,
			);
			name = MatchedGeoEffectTests;
			productName = MatchedGeoEffectTests;
			productReference = 5A7CC51D2A700A2D00C387FF /* MatchedGeoEffectTests.xctest */;
			productType = "com.apple.product-type.bundle.unit-test";
		};
		5A7CC5262A700A2D00C387FF /* MatchedGeoEffectUITests */ = {
			isa = PBXNativeTarget;
			buildConfigurationList = 5A7CC5372A700A2D00C387FF /* Build configuration list for PBXNativeTarget "MatchedGeoEffectUITests" */;
			buildPhases = (
				5A7CC5232A700A2D00C387FF /* Sources */,
				5A7CC5242A700A2D00C387FF /* Frameworks */,
				5A7CC5252A700A2D00C387FF /* Resources */,
			);
			buildRules = (
			);
			dependencies = (
				5A7CC5292A700A2D00C387FF /* PBXTargetDependency */,
			);
			name = MatchedGeoEffectUITests;
			productName = MatchedGeoEffectUITests;
			productReference = 5A7CC5272A700A2D00C387FF /* MatchedGeoEffectUITests.xctest */;
			productType = "com.apple.product-type.bundle.ui-testing";
		};
/* End PBXNativeTarget section */

/* Begin PBXProject section */
		5A7CC5052A700A2D00C387FF /* Project object */ = {
			isa = PBXProject;
			attributes = {
				BuildIndependentTargetsInParallel = 1;
				LastSwiftUpdateCheck = 1430;
				LastUpgradeCheck = 1430;
				TargetAttributes = {
					5A7CC50C2A700A2D00C387FF = {
						CreatedOnToolsVersion = 14.3.1;
					};
					5A7CC51C2A700A2D00C387FF = {
						CreatedOnToolsVersion = 14.3.1;
						TestTargetID = 5A7CC50C2A700A2D00C387FF;
					};
					5A7CC5262A700A2D00C387FF = {
						CreatedOnToolsVersion = 14.3.1;
						TestTargetID = 5A7CC50C2A700A2D00C387FF;
					};
				};
			};
			buildConfigurationList = 5A7CC5082A700A2D00C387FF /* Build configuration list for PBXProject "MatchedGeoEffect" */;
			compatibilityVersion = "Xcode 14.0";
			developmentRegion = en;
			hasScannedForEncodings = 0;
			knownRegions = (
				en,
				Base,
			);
			mainGroup = 5A7CC5042A700A2D00C387FF;
			productRefGroup = 5A7CC50E2A700A2D00C387FF /* Products */;
			projectDirPath = "";
			projectRoot = "";
			targets = (
				5A7CC50C2A700A2D00C387FF /* MatchedGeoEffect */,
				5A7CC51C2A700A2D00C387FF /* MatchedGeoEffectTests */,
				5A7CC5262A700A2D00C387FF /* MatchedGeoEffectUITests */,
			);
		};
/* End PBXProject section */

/* Begin PBXResourcesBuildPhase section */
		5A7CC50B2A700A2D00C387FF /* Resources */ = {
			isa = PBXResourcesBuildPhase;
			buildActionMask = 2147483647;
			files = (
				5A7CC5182A700A2D00C387FF /* Preview Assets.xcassets in Resources */,
				5A7CC5152A700A2D00C387FF /* Assets.xcassets in Resources */,
			);
			runOnlyForDeploymentPostprocessing = 0;
		};
		5A7CC51B2A700A2D00C387FF /* Resources */ = {
			isa = PBXResourcesBuildPhase;
			buildActionMask = 2147483647;
			files = (
			);
			runOnlyForDeploymentPostprocessing = 0;
		};
		5A7CC5252A700A2D00C387FF /* Resources */ = {
			isa = PBXResourcesBuildPhase;
			buildActionMask = 2147483647;
			files = (
			);
			runOnlyForDeploymentPostprocessing = 0;
		};
/* End PBXResourcesBuildPhase section */

/* Begin PBXSourcesBuildPhase section */
		5A7CC5092A700A2D00C387FF /* Sources */ = {
			isa = PBXSourcesBuildPhase;
			buildActionMask = 2147483647;
			files = (
				5A7CC5132A700A2D00C387FF /* ContentView.swift in Sources */,
				5A7CC5112A700A2D00C387FF /* MatchedGeoEffectApp.swift in Sources */,
			);
			runOnlyForDeploymentPostprocessing = 0;
		};
		5A7CC5192A700A2D00C387FF /* Sources */ = {
			isa = PBXSourcesBuildPhase;
			buildActionMask = 2147483647;
			files = (
				5A7CC5222A700A2D00C387FF /* MatchedGeoEffectTests.swift in Sources */,
			);
			runOnlyForDeploymentPostprocessing = 0;
		};
		5A7CC5232A700A2D00C387FF /* Sources */ = {
			isa = PBXSourcesBuildPhase;
			buildActionMask = 2147483647;
			files = (
				5A7CC52E2A700A2D00C387FF /* MatchedGeoEffectUITestsLaunchTests.swift in Sources */,
				5A7CC52C2A700A2D00C387FF /* MatchedGeoEffectUITests.swift in Sources */,
			);
			runOnlyForDeploymentPostprocessing = 0;
		};
/* End PBXSourcesBuildPhase section */

/* Begin PBXTargetDependency section */
		5A7CC51F2A700A2D00C387FF /* PBXTargetDependency */ = {
			isa = PBXTargetDependency;
			target = 5A7CC50C2A700A2D00C387FF /* MatchedGeoEffect */;
			targetProxy = 5A7CC51E2A700A2D00C387FF /* PBXContainerItemProxy */;
		};
		5A7CC5292A700A2D00C387FF /* PBXTargetDependency */ = {
			isa = PBXTargetDependency;
			target = 5A7CC50C2A700A2D00C387FF /* MatchedGeoEffect */;
			targetProxy = 5A7CC5282A700A2D00C387FF /* PBXContainerItemProxy */;
		};
/* End PBXTargetDependency section */

/* Begin XCBuildConfiguration section */
		5A7CC52F2A700A2D00C387FF /* Debug */ = {
			isa = XCBuildConfiguration;
			buildSettings = {
				ALWAYS_SEARCH_USER_PATHS = NO;
				CLANG_ANALYZER_NONNULL = YES;
				CLANG_ANALYZER_NUMBER_OBJECT_CONVERSION = YES_AGGRESSIVE;
				CLANG_CXX_LANGUAGE_STANDARD = "gnu++20";
				CLANG_ENABLE_MODULES = YES;
				CLANG_ENABLE_OBJC_ARC = YES;
				CLANG_ENABLE_OBJC_WEAK = YES;
				CLANG_WARN_BLOCK_CAPTURE_AUTORELEASING = YES;
				CLANG_WARN_BOOL_CONVERSION = YES;
				CLANG_WARN_COMMA = YES;
				CLANG_WARN_CONSTANT_CONVERSION = YES;
				CLANG_WARN_DEPRECATED_OBJC_IMPLEMENTATIONS = YES;
				CLANG_WARN_DIRECT_OBJC_ISA_USAGE = YES_ERROR;
				CLANG_WARN_DOCUMENTATION_COMMENTS = YES;
				CLANG_WARN_EMPTY_BODY = YES;
				CLANG_WARN_ENUM_CONVERSION = YES;
				CLANG_WARN_INFINITE_RECURSION = YES;
				CLANG_WARN_INT_CONVERSION = YES;
				CLANG_WARN_NON_LITERAL_NULL_CONVERSION = YES;
				CLANG_WARN_OBJC_IMPLICIT_RETAIN_SELF = YES;
				CLANG_WARN_OBJC_LITERAL_CONVERSION = YES;
				CLANG_WARN_OBJC_ROOT_CLASS = YES_ERROR;
				CLANG_WARN_QUOTED_INCLUDE_IN_FRAMEWORK_HEADER = YES;
				CLANG_WARN_RANGE_LOOP_ANALYSIS = YES;
				CLANG_WARN_STRICT_PROTOTYPES = YES;
				CLANG_WARN_SUSPICIOUS_MOVE = YES;
				CLANG_WARN_UNGUARDED_AVAILABILITY = YES_AGGRESSIVE;
				CLANG_WARN_UNREACHABLE_CODE = YES;
				CLANG_WARN__DUPLICATE_METHOD_MATCH = YES;
				COPY_PHASE_STRIP = NO;
				DEBUG_INFORMATION_FORMAT = dwarf;
				ENABLE_STRICT_OBJC_MSGSEND = YES;
				ENABLE_TESTABILITY = YES;
				GCC_C_LANGUAGE_STANDARD = gnu11;
				GCC_DYNAMIC_NO_PIC = NO;
				GCC_NO_COMMON_BLOCKS = YES;
				GCC_OPTIMIZATION_LEVEL = 0;
				GCC_PREPROCESSOR_DEFINITIONS = (
					"DEBUG=1",
					"$(inherited)",
				);
				GCC_WARN_64_TO_32_BIT_CONVERSION = YES;
				GCC_WARN_ABOUT_RETURN_TYPE = YES_ERROR;
				GCC_WARN_UNDECLARED_SELECTOR = YES;
				GCC_WARN_UNINITIALIZED_AUTOS = YES_AGGRESSIVE;
				GCC_WARN_UNUSED_FUNCTION = YES;
				GCC_WARN_UNUSED_VARIABLE = YES;
				IPHONEOS_DEPLOYMENT_TARGET = 16.4;
				MTL_ENABLE_DEBUG_INFO = INCLUDE_SOURCE;
				MTL_FAST_MATH = YES;
				ONLY_ACTIVE_ARCH = YES;
				SDKROOT = iphoneos;
				SWIFT_ACTIVE_COMPILATION_CONDITIONS = DEBUG;
				SWIFT_OPTIMIZATION_LEVEL = "-Onone";
			};
			name = Debug;
		};
		5A7CC5302A700A2D00C387FF /* Release */ = {
			isa = XCBuildConfiguration;
			buildSettings = {
				ALWAYS_SEARCH_USER_PATHS = NO;
				CLANG_ANALYZER_NONNULL = YES;
				CLANG_ANALYZER_NUMBER_OBJECT_CONVERSION = YES_AGGRESSIVE;
				CLANG_CXX_LANGUAGE_STANDARD = "gnu++20";
				CLANG_ENABLE_MODULES = YES;
				CLANG_ENABLE_OBJC_ARC = YES;
				CLANG_ENABLE_OBJC_WEAK = YES;
				CLANG_WARN_BLOCK_CAPTURE_AUTORELEASING = YES;
				CLANG_WARN_BOOL_CONVERSION = YES;
				CLANG_WARN_COMMA = YES;
				CLANG_WARN_CONSTANT_CONVERSION = YES;
				CLANG_WARN_DEPRECATED_OBJC_IMPLEMENTATIONS = YES;
				CLANG_WARN_DIRECT_OBJC_ISA_USAGE = YES_ERROR;
				CLANG_WARN_DOCUMENTATION_COMMENTS = YES;
				CLANG_WARN_EMPTY_BODY = YES;
				CLANG_WARN_ENUM_CONVERSION = YES;
				CLANG_WARN_INFINITE_RECURSION = YES;
				CLANG_WARN_INT_CONVERSION = YES;
				CLANG_WARN_NON_LITERAL_NULL_CONVERSION = YES;
				CLANG_WARN_OBJC_IMPLICIT_RETAIN_SELF = YES;
				CLANG_WARN_OBJC_LITERAL_CONVERSION = YES;
				CLANG_WARN_OBJC_ROOT_CLASS = YES_ERROR;
				CLANG_WARN_QUOTED_INCLUDE_IN_FRAMEWORK_HEADER = YES;
				CLANG_WARN_RANGE_LOOP_ANALYSIS = YES;
				CLANG_WARN_STRICT_PROTOTYPES = YES;
				CLANG_WARN_SUSPICIOUS_MOVE = YES;
				CLANG_WARN_UNGUARDED_AVAILABILITY = YES_AGGRESSIVE;
				CLANG_WARN_UNREACHABLE_CODE = YES;
				CLANG_WARN__DUPLICATE_METHOD_MATCH = YES;
				COPY_PHASE_STRIP = NO;
				DEBUG_INFORMATION_FORMAT = "dwarf-with-dsym";
				ENABLE_NS_ASSERTIONS = NO;
				ENABLE_STRICT_OBJC_MSGSEND = YES;
				GCC_C_LANGUAGE_STANDARD = gnu11;
				GCC_NO_COMMON_BLOCKS = YES;
				GCC_WARN_64_TO_32_BIT_CONVERSION = YES;
				GCC_WARN_ABOUT_RETURN_TYPE = YES_ERROR;
				GCC_WARN_UNDECLARED_SELECTOR = YES;
				GCC_WARN_UNINITIALIZED_AUTOS = YES_AGGRESSIVE;
				GCC_WARN_UNUSED_FUNCTION = YES;
				GCC_WARN_UNUSED_VARIABLE = YES;
				IPHONEOS_DEPLOYMENT_TARGET = 16.4;
				MTL_ENABLE_DEBUG_INFO = NO;
				MTL_FAST_MATH = YES;
				SDKROOT = iphoneos;
				SWIFT_COMPILATION_MODE = wholemodule;
				SWIFT_OPTIMIZATION_LEVEL = "-O";
				VALIDATE_PRODUCT = YES;
			};
			name = Release;
		};
		5A7CC5322A700A2D00C387FF /* Debug */ = {
			isa = XCBuildConfiguration;
			buildSettings = {
				ASSETCATALOG_COMPILER_APPICON_NAME = AppIcon;
				ASSETCATALOG_COMPILER_GLOBAL_ACCENT_COLOR_NAME = AccentColor;
				CODE_SIGN_STYLE = Automatic;
				CURRENT_PROJECT_VERSION = 1;
				DEVELOPMENT_ASSET_PATHS = "\"MatchedGeoEffect/Preview Content\"";
				DEVELOPMENT_TEAM = 47N4964T2M;
				ENABLE_PREVIEWS = YES;
				GENERATE_INFOPLIST_FILE = YES;
				INFOPLIST_KEY_UIApplicationSceneManifest_Generation = YES;
				INFOPLIST_KEY_UIApplicationSupportsIndirectInputEvents = YES;
				INFOPLIST_KEY_UILaunchScreen_Generation = YES;
				INFOPLIST_KEY_UISupportedInterfaceOrientations_iPad = "UIInterfaceOrientationPortrait UIInterfaceOrientationPortraitUpsideDown UIInterfaceOrientationLandscapeLeft UIInterfaceOrientationLandscapeRight";
				INFOPLIST_KEY_UISupportedInterfaceOrientations_iPhone = "UIInterfaceOrientationPortrait UIInterfaceOrientationLandscapeLeft UIInterfaceOrientationLandscapeRight";
				LD_RUNPATH_SEARCH_PATHS = (
					"$(inherited)",
					"@executable_path/Frameworks",
				);
				MARKETING_VERSION = 1.0;
				PRODUCT_BUNDLE_IDENTIFIER = ashon96.MatchedGeoEffect;
				PRODUCT_NAME = "$(TARGET_NAME)";
				SWIFT_EMIT_LOC_STRINGS = YES;
				SWIFT_VERSION = 5.0;
				TARGETED_DEVICE_FAMILY = "1,2";
			};
			name = Debug;
		};
		5A7CC5332A700A2D00C387FF /* Release */ = {
			isa = XCBuildConfiguration;
			buildSettings = {
				ASSETCATALOG_COMPILER_APPICON_NAME = AppIcon;
				ASSETCATALOG_COMPILER_GLOBAL_ACCENT_COLOR_NAME = AccentColor;
				CODE_SIGN_STYLE = Automatic;
				CURRENT_PROJECT_VERSION = 1;
				DEVELOPMENT_ASSET_PATHS = "\"MatchedGeoEffect/Preview Content\"";
				DEVELOPMENT_TEAM = 47N4964T2M;
				ENABLE_PREVIEWS = YES;
				GENERATE_INFOPLIST_FILE = YES;
				INFOPLIST_KEY_UIApplicationSceneManifest_Generation = YES;
				INFOPLIST_KEY_UIApplicationSupportsIndirectInputEvents = YES;
				INFOPLIST_KEY_UILaunchScreen_Generation = YES;
				INFOPLIST_KEY_UISupportedInterfaceOrientations_iPad = "UIInterfaceOrientationPortrait UIInterfaceOrientationPortraitUpsideDown UIInterfaceOrientationLandscapeLeft UIInterfaceOrientationLandscapeRight";
				INFOPLIST_KEY_UISupportedInterfaceOrientations_iPhone = "UIInterfaceOrientationPortrait UIInterfaceOrientationLandscapeLeft UIInterfaceOrientationLandscapeRight";
				LD_RUNPATH_SEARCH_PATHS = (
					"$(inherited)",
					"@executable_path/Frameworks",
				);
				MARKETING_VERSION = 1.0;
				PRODUCT_BUNDLE_IDENTIFIER = ashon96.MatchedGeoEffect;
				PRODUCT_NAME = "$(TARGET_NAME)";
				SWIFT_EMIT_LOC_STRINGS = YES;
				SWIFT_VERSION = 5.0;
				TARGETED_DEVICE_FAMILY = "1,2";
			};
			name = Release;
		};
		5A7CC5352A700A2D00C387FF /* Debug */ = {
			isa = XCBuildConfiguration;
			buildSettings = {
				ALWAYS_EMBED_SWIFT_STANDARD_LIBRARIES = YES;
				BUNDLE_LOADER = "$(TEST_HOST)";
				CODE_SIGN_STYLE = Automatic;
				CURRENT_PROJECT_VERSION = 1;
				DEVELOPMENT_TEAM = 47N4964T2M;
				GENERATE_INFOPLIST_FILE = YES;
				IPHONEOS_DEPLOYMENT_TARGET = 16.4;
				MARKETING_VERSION = 1.0;
				PRODUCT_BUNDLE_IDENTIFIER = ashon96.MatchedGeoEffectTests;
				PRODUCT_NAME = "$(TARGET_NAME)";
				SWIFT_EMIT_LOC_STRINGS = NO;
				SWIFT_VERSION = 5.0;
				TARGETED_DEVICE_FAMILY = "1,2";
				TEST_HOST = "$(BUILT_PRODUCTS_DIR)/MatchedGeoEffect.app/$(BUNDLE_EXECUTABLE_FOLDER_PATH)/MatchedGeoEffect";
			};
			name = Debug;
		};
		5A7CC5362A700A2D00C387FF /* Release */ = {
			isa = XCBuildConfiguration;
			buildSettings = {
				ALWAYS_EMBED_SWIFT_STANDARD_LIBRARIES = YES;
				BUNDLE_LOADER = "$(TEST_HOST)";
				CODE_SIGN_STYLE = Automatic;
				CURRENT_PROJECT_VERSION = 1;
				DEVELOPMENT_TEAM = 47N4964T2M;
				GENERATE_INFOPLIST_FILE = YES;
				IPHONEOS_DEPLOYMENT_TARGET = 16.4;
				MARKETING_VERSION = 1.0;
				PRODUCT_BUNDLE_IDENTIFIER = ashon96.MatchedGeoEffectTests;
				PRODUCT_NAME = "$(TARGET_NAME)";
				SWIFT_EMIT_LOC_STRINGS = NO;
				SWIFT_VERSION = 5.0;
				TARGETED_DEVICE_FAMILY = "1,2";
				TEST_HOST = "$(BUILT_PRODUCTS_DIR)/MatchedGeoEffect.app/$(BUNDLE_EXECUTABLE_FOLDER_PATH)/MatchedGeoEffect";
			};
			name = Release;
		};
		5A7CC5382A700A2D00C387FF /* Debug */ = {
			isa = XCBuildConfiguration;
			buildSettings = {
				ALWAYS_EMBED_SWIFT_STANDARD_LIBRARIES = YES;
				CODE_SIGN_STYLE = Automatic;
				CURRENT_PROJECT_VERSION = 1;
				DEVELOPMENT_TEAM = 47N4964T2M;
				GENERATE_INFOPLIST_FILE = YES;
				MARKETING_VERSION = 1.0;
				PRODUCT_BUNDLE_IDENTIFIER = ashon96.MatchedGeoEffectUITests;
				PRODUCT_NAME = "$(TARGET_NAME)";
				SWIFT_EMIT_LOC_STRINGS = NO;
				SWIFT_VERSION = 5.0;
				TARGETED_DEVICE_FAMILY = "1,2";
				TEST_TARGET_NAME = MatchedGeoEffect;
			};
			name = Debug;
		};
		5A7CC5392A700A2D00C387FF /* Release */ = {
			isa = XCBuildConfiguration;
			buildSettings = {
				ALWAYS_EMBED_SWIFT_STANDARD_LIBRARIES = YES;
				CODE_SIGN_STYLE = Automatic;
				CURRENT_PROJECT_VERSION = 1;
				DEVELOPMENT_TEAM = 47N4964T2M;
				GENERATE_INFOPLIST_FILE = YES;
				MARKETING_VERSION = 1.0;
				PRODUCT_BUNDLE_IDENTIFIER = ashon96.MatchedGeoEffectUITests;
				PRODUCT_NAME = "$(TARGET_NAME)";
				SWIFT_EMIT_LOC_STRINGS = NO;
				SWIFT_VERSION = 5.0;
				TARGETED_DEVICE_FAMILY = "1,2";
				TEST_TARGET_NAME = MatchedGeoEffect;
			};
			name = Release;
		};
/* End XCBuildConfiguration section */

/* Begin XCConfigurationList section */
		5A7CC5082A700A2D00C387FF /* Build configuration list for PBXProject "MatchedGeoEffect" */ = {
			isa = XCConfigurationList;
			buildConfigurations = (
				5A7CC52F2A700A2D00C387FF /* Debug */,
				5A7CC5302A700A2D00C387FF /* Release */,
			);
			defaultConfigurationIsVisible = 0;
			defaultConfigurationName = Release;
		};
		5A7CC5312A700A2D00C387FF /* Build configuration list for PBXNativeTarget "MatchedGeoEffect" */ = {
			isa = XCConfigurationList;
			buildConfigurations = (
				5A7CC5322A700A2D00C387FF /* Debug */,
				5A7CC5332A700A2D00C387FF /* Release */,
			);
			defaultConfigurationIsVisible = 0;
			defaultConfigurationName = Release;
		};
		5A7CC5342A700A2D00C387FF /* Build configuration list for PBXNativeTarget "MatchedGeoEffectTests" */ = {
			isa = XCConfigurationList;
			buildConfigurations = (
				5A7CC5352A700A2D00C387FF /* Debug */,
				5A7CC5362A700A2D00C387FF /* Release */,
			);
			defaultConfigurationIsVisible = 0;
			defaultConfigurationName = Release;
		};
		5A7CC5372A700A2D00C387FF /* Build configuration list for PBXNativeTarget "MatchedGeoEffectUITests" */ = {
			isa = XCConfigurationList;
			buildConfigurations = (
				5A7CC5382A700A2D00C387FF /* Debug */,
				5A7CC5392A700A2D00C387FF /* Release */,
			);
			defaultConfigurationIsVisible = 0;
			defaultConfigurationName = Release;
		};
/* End XCConfigurationList section */
	};
	rootObject = 5A7CC5052A700A2D00C387FF /* Project object */;
}
